
Microsoft Visual Studio Solution File, Format Version 12.00
# Visual Studio Version 16
VisualStudioVersion = 16.0.30907.101
MinimumVisualStudioVersion = 10.0.40219.1
Project("{9A19103F-16F7-4668-BE54-9A1E7A4F7556}") = "WinForm-With-EFCore", "WinForm-With-EFCore.csproj", "{97D91D2B-0A22-4323-AF87-8C3DC30670C8}"
EndProject
Global
	GlobalSection(SolutionConfigurationPlatforms) = preSolution
		Debug|Any CPU = Debug|Any CPU
		Release|Any CPU = Release|Any CPU
	EndGlobalSection
	GlobalSection(ProjectConfigurationPlatforms) = postSolution
		{97D91D2B-0A22-4323-AF87-8C3DC30670C8}.Debug|Any CPU.ActiveCfg = Debug|Any CPU
		{97D91D2B-0A22-4323-AF87-8C3DC30670C8}.Debug|Any CPU.Build.0 = Debug|Any CPU
		{97D91D2B-0A22-4323-AF87-8C3DC30670C8}.Release|Any CPU.ActiveCfg = Release|Any CPU
		{97D91D2B-0A22-4323-AF87-8C3DC30670C8}.Release|Any CPU.Build.0 = Release|Any CPU
	EndGlobalSection
	GlobalSection(SolutionProperties) = preSolution
		HideSolutionNode = FALSE
	EndGlobalSection
	GlobalSection(ExtensibilityGlobals) = postSolution
		SolutionGuid = {DF981326-EA76-48B6-BDC8-BB7E6A0655D7}
	EndGlobalSection
EndGlobal
